
Microsoft Visual Studio Solution File, Format Version 12.00
# Visual Studio Version 17
VisualStudioVersion = 17.8.34330.188
MinimumVisualStudioVersion = 10.0.40219.1
Project("{FAE04EC0-301F-11D3-BF4B-00C04F79EFBC}") = "CMSProject", "CMSProject\CMSProject.csproj", "{3D834804-2123-4996-B2CE-F94F72353543}"
EndProject
Global
	GlobalSection(SolutionConfigurationPlatforms) = preSolution
		Debug|Any CPU = Debug|Any CPU
		Release|Any CPU = Release|Any CPU
	EndGlobalSection
	GlobalSection(ProjectConfigurationPlatforms) = postSolution
		{3D834804-2123-4996-B2CE-F94F72353543}.Debug|Any CPU.ActiveCfg = Debug|Any CPU
		{3D834804-2123-4996-B2CE-F94F72353543}.Debug|Any CPU.Build.0 = Debug|Any CPU
		{3D834804-2123-4996-B2CE-F94F72353543}.Release|Any CPU.ActiveCfg = Release|Any CPU
		{3D834804-2123-4996-B2CE-F94F72353543}.Release|Any CPU.Build.0 = Release|Any CPU
	EndGlobalSection
	GlobalSection(SolutionProperties) = preSolution
		HideSolutionNode = FALSE
	EndGlobalSection
	GlobalSection(ExtensibilityGlobals) = postSolution
		SolutionGuid = {0A99A9AD-7008-419A-8305-9B08A4D90FBA}
	EndGlobalSection
EndGlobal
